
Microsoft Visual Studio Solution File, Format Version 12.00
# Visual Studio 15
VisualStudioVersion = 15.0.27130.2010
MinimumVisualStudioVersion = 10.0.40219.1
Project("{FAE04EC0-301F-11D3-BF4B-00C04F79EFBC}") = "TP_Final", "TP_Final.csproj", "{B38100E2-E876-46AA-9A34-E9A07DD355DA}"
EndProject
Global
	GlobalSection(SolutionConfigurationPlatforms) = preSolution
		Debug|Any CPU = Debug|Any CPU
		Release|Any CPU = Release|Any CPU
	EndGlobalSection
	GlobalSection(ProjectConfigurationPlatforms) = postSolution
		{B38100E2-E876-46AA-9A34-E9A07DD355DA}.Debug|Any CPU.ActiveCfg = Debug|Any CPU
		{B38100E2-E876-46AA-9A34-E9A07DD355DA}.Debug|Any CPU.Build.0 = Debug|Any CPU
		{B38100E2-E876-46AA-9A34-E9A07DD355DA}.Release|Any CPU.ActiveCfg = Release|Any CPU
		{B38100E2-E876-46AA-9A34-E9A07DD355DA}.Release|Any CPU.Build.0 = Release|Any CPU
	EndGlobalSection
	GlobalSection(SolutionProperties) = preSolution
		HideSolutionNode = FALSE
	EndGlobalSection
	GlobalSection(ExtensibilityGlobals) = postSolution
		SolutionGuid = {E643F81E-FCCA-4C2C-B41B-9E3D98EE6EDE}
	EndGlobalSection
EndGlobal
